{
  "name": "hatschen",
  "lockfileVersion": 2,
  "requires": true,
  "packages": {
    "": {
      "dependencies": {
        "gtran-kml": "^1.4.5"
      }
    },
    "node_modules/@maphubs/tokml": {
      "version": "0.5.2",
      "resolved": "https://registry.npmjs.org/@maphubs/tokml/-/tokml-0.5.2.tgz",
      "integrity": "sha512-UZKR5aC3oSkWBlWV26DOgVHNX8/bTWt8Taug3rpzmGM9rmBj112ucTufkVAyBmoMFKVY6xPO0kvxYTUKLFO/iQ==",
      "dependencies": {
        "minimist": "^1.2.0",
        "rw": "^1.3.3",
        "strxml": "github:mapbox/strxml",
        "xml-escape": "^1.1.0"
      },
      "bin": {
        "tokml": "tokml"
      }
    },
    "node_modules/elementtree": {
      "version": "0.1.7",
      "resolved": "https://registry.npmjs.org/elementtree/-/elementtree-0.1.7.tgz",
      "integrity": "sha1-mskb5uUvtuYkTE5UpKw+2K6OKcA=",
      "dependencies": {
        "sax": "1.1.4"
      },
      "engines": {
        "node": ">= 0.4.0"
      }
    },
    "node_modules/gtran-kml": {
      "version": "1.4.5",
      "resolved": "https://registry.npmjs.org/gtran-kml/-/gtran-kml-1.4.5.tgz",
      "integrity": "sha512-E+EV6Tby715WTX+bRjMREOnLDbXNQY01Lvh411TTxekGvtEt8CdJK2nyx6U934O+dUGX8TfRD0BWsdz/4mqeHg==",
      "dependencies": {
        "@maphubs/tokml": "^0.5.2",
        "elementtree": "^0.1.7",
        "prettify-xml": "^1.2.0"
      }
    },
    "node_modules/minimist": {
      "version": "1.2.5",
      "resolved": "https://registry.npmjs.org/minimist/-/minimist-1.2.5.tgz",
      "integrity": "sha512-FM9nNUYrRBAELZQT3xeZQ7fmMOBg6nWNmJKTcgsJeaLstP/UODVpGsr5OhXhhXg6f+qtJ8uiZ+PUxkDWcgIXLw=="
    },
    "node_modules/prettify-xml": {
      "version": "1.2.0",
      "resolved": "https://registry.npmjs.org/prettify-xml/-/prettify-xml-1.2.0.tgz",
      "integrity": "sha1-Rtzx7oqNi3PbMLfgbvJtyc8/bxg="
    },
    "node_modules/rw": {
      "version": "1.3.3",
      "resolved": "https://registry.npmjs.org/rw/-/rw-1.3.3.tgz",
      "integrity": "sha1-P4Yt+pGrdmsUiF700BEkv9oHT7Q="
    },
    "node_modules/sax": {
      "version": "1.1.4",
      "resolved": "https://registry.npmjs.org/sax/-/sax-1.1.4.tgz",
      "integrity": "sha1-dLbTPJrh4AFRDxeakRaFiPGu2qk="
    },
    "node_modules/strxml": {
      "version": "1.0.0",
      "resolved": "git+ssh://git@github.com/mapbox/strxml.git#4325a5597621600183b869452da6104f8d2215b8",
      "license": "ISC",
      "dependencies": {
        "xml-escape": "1.1.0"
      }
    },
    "node_modules/xml-escape": {
      "version": "1.1.0",
      "resolved": "https://registry.npmjs.org/xml-escape/-/xml-escape-1.1.0.tgz",
      "integrity": "sha1-OQTBQ/qOs6ADDsZG0pAqLxtwbEQ="
    }
  },
  "dependencies": {
    "@maphubs/tokml": {
      "version": "0.5.2",
      "resolved": "https://registry.npmjs.org/@maphubs/tokml/-/tokml-0.5.2.tgz",
      "integrity": "sha512-UZKR5aC3oSkWBlWV26DOgVHNX8/bTWt8Taug3rpzmGM9rmBj112ucTufkVAyBmoMFKVY6xPO0kvxYTUKLFO/iQ==",
      "requires": {
        "minimist": "^1.2.0",
        "rw": "^1.3.3",
        "strxml": "github:mapbox/strxml",
        "xml-escape": "^1.1.0"
      }
    },
    "elementtree": {
      "version": "0.1.7",
      "resolved": "https://registry.npmjs.org/elementtree/-/elementtree-0.1.7.tgz",
      "integrity": "sha1-mskb5uUvtuYkTE5UpKw+2K6OKcA=",
      "requires": {
        "sax": "1.1.4"
      }
    },
    "gtran-kml": {
      "version": "1.4.5",
      "resolved": "https://registry.npmjs.org/gtran-kml/-/gtran-kml-1.4.5.tgz",
      "integrity": "sha512-E+EV6Tby715WTX+bRjMREOnLDbXNQY01Lvh411TTxekGvtEt8CdJK2nyx6U934O+dUGX8TfRD0BWsdz/4mqeHg==",
      "requires": {
        "@maphubs/tokml": "^0.5.2",
        "elementtree": "^0.1.7",
        "prettify-xml": "^1.2.0"
      }
    },
    "minimist": {
      "version": "1.2.5",
      "resolved": "https://registry.npmjs.org/minimist/-/minimist-1.2.5.tgz",
      "integrity": "sha512-FM9nNUYrRBAELZQT3xeZQ7fmMOBg6nWNmJKTcgsJeaLstP/UODVpGsr5OhXhhXg6f+qtJ8uiZ+PUxkDWcgIXLw=="
    },
    "prettify-xml": {
      "version": "1.2.0",
      "resolved": "https://registry.npmjs.org/prettify-xml/-/prettify-xml-1.2.0.tgz",
      "integrity": "sha1-Rtzx7oqNi3PbMLfgbvJtyc8/bxg="
    },
    "rw": {
      "version": "1.3.3",
      "resolved": "https://registry.npmjs.org/rw/-/rw-1.3.3.tgz",
      "integrity": "sha1-P4Yt+pGrdmsUiF700BEkv9oHT7Q="
    },
    "sax": {
      "version": "1.1.4",
      "resolved": "https://registry.npmjs.org/sax/-/sax-1.1.4.tgz",
      "integrity": "sha1-dLbTPJrh4AFRDxeakRaFiPGu2qk="
    },
    "strxml": {
      "version": "git+ssh://git@github.com/mapbox/strxml.git#4325a5597621600183b869452da6104f8d2215b8",
      "from": "strxml@github:mapbox/strxml",
      "requires": {
        "xml-escape": "1.1.0"
      }
    },
    "xml-escape": {
      "version": "1.1.0",
      "resolved": "https://registry.npmjs.org/xml-escape/-/xml-escape-1.1.0.tgz",
      "integrity": "sha1-OQTBQ/qOs6ADDsZG0pAqLxtwbEQ="
    }
  }
}
